{
  "name": "LA_Hacks_2023",
  "lockfileVersion": 2,
  "requires": true,
  "packages": {
    "": {
      "dependencies": {
        "cohere-ai": "^6.2.0",
        "dotenv": "^16.0.3"
      }
    },
    "node_modules/cohere-ai": {
      "version": "6.2.0",
      "resolved": "https://registry.npmjs.org/cohere-ai/-/cohere-ai-6.2.0.tgz",
      "integrity": "sha512-nKUutFpbTQ1TJji3RAmKq9+UKQyf2MrI2qAeOPPZuGlch734XT5KltMUd/AXDY7IAdGHbB8v6VNIEO3qSVST5g=="
    },
    "node_modules/dotenv": {
      "version": "16.0.3",
      "resolved": "https://registry.npmjs.org/dotenv/-/dotenv-16.0.3.tgz",
      "integrity": "sha512-7GO6HghkA5fYG9TYnNxi14/7K9f5occMlp3zXAuSxn7CKCxt9xbNWG7yF8hTCSUchlfWSe3uLmlPfigevRItzQ==",
      "engines": {
        "node": ">=12"
      }
    }
  },
  "dependencies": {
    "cohere-ai": {
      "version": "6.2.0",
      "resolved": "https://registry.npmjs.org/cohere-ai/-/cohere-ai-6.2.0.tgz",
      "integrity": "sha512-nKUutFpbTQ1TJji3RAmKq9+UKQyf2MrI2qAeOPPZuGlch734XT5KltMUd/AXDY7IAdGHbB8v6VNIEO3qSVST5g=="
    },
    "dotenv": {
      "version": "16.0.3",
      "resolved": "https://registry.npmjs.org/dotenv/-/dotenv-16.0.3.tgz",
      "integrity": "sha512-7GO6HghkA5fYG9TYnNxi14/7K9f5occMlp3zXAuSxn7CKCxt9xbNWG7yF8hTCSUchlfWSe3uLmlPfigevRItzQ=="
    }
  }
}
